# This file is autogenerated, do not edit; changes may be undone by the next 'dep ensure'.


[[projects]]
  branch = "master"
  digest = "1:5c3894b2aa4d6bead0ceeea6831b305d62879c871780e7b76296ded1b004bc57"
  name = "cloud.google.com/go"
  packages = ["compute/metadata"]
  pruneopts = "NUT"
  revision = "f47691a5dd864fce3c20fd2c82a483f8ef0e083b"

[[projects]]
  digest = "1:cc5f01fdfbe80d1d0e8c1aa830073e0eb977a592d4467a7f1ea3081fc8d55181"
  name = "github.com/Azure/azure-sdk-for-go"
  packages = [
    "services/compute/mgmt/2017-12-01/compute",
    "services/network/mgmt/2017-11-01/network",
    "services/resources/mgmt/2016-06-01/subscriptions",
    "services/resources/mgmt/2017-05-10/resources",
    "version",
  ]
  pruneopts = "NUT"
  revision = "4e8cbbfb1aeab140cd0fa97fd16b64ee18c3ca6a"
  version = "v19.1.0"

[[projects]]
  digest = "1:79ff3484367adc1fc269f409a12cb2e877159e45708ac4cf4ae48dd44f29436b"
  name = "github.com/Azure/go-autorest"
  packages = [
    "autorest",
    "autorest/adal",
    "autorest/azure",
    "autorest/azure/auth",
    "autorest/date",
    "autorest/to",
    "autorest/validation",
    "logger",
    "version",
  ]
  pruneopts = "NUT"
  revision = "dd94e014aaf16d1df746762e392aa201c1b4c461"
  version = "v10.15.0"

[[projects]]
  digest = "1:40948327b6631b9b5c7bb55acb55bd1cad78ffbfa9d81642e90ffdcb1d487443"
  name = "github.com/OneOfOne/xxhash"
  packages = ["."]
  pruneopts = "NUT"
  revision = "6def279d2ce6c81a79dd1c1be580f03bb216fb8a"
  version = "v1.2.2"

[[projects]]
  digest = "1:9017953e03588c23a22baf05ecd0574a86b17adb6b81a3cafa889bb9ec38c03e"
  name = "github.com/alexedwards/scs"
  packages = [
    ".",
    "stores/cookiestore",
    "stores/memstore",
    "stores/pgstore",
  ]
  pruneopts = "NUT"
  revision = "cfcbf41460ffe695c7d52159fbff3393c646c8f0"
  version = "v1.4.1"

[[projects]]
  digest = "1:9752dad5e89cd779096bf2477a4ded16bea7ac62de453c8d6b4bf841d51a8512"
  name = "github.com/apache/thrift"
  packages = ["lib/go/thrift"]
  pruneopts = "NUT"
  revision = "b2a4d4ae21c789b689dd162deb819665567f481c"
  version = "0.10.0"

[[projects]]
  branch = "master"
  digest = "1:f12358576cd79bba0ae626530d23cde63416744f486c8bc817802c6907eaadd7"
  name = "github.com/armon/go-metrics"
  packages = ["."]
  pruneopts = "NUT"
  revision = "f0300d1749da6fa982027e449ec0c7a145510c3c"

[[projects]]
  digest = "1:c7ae186048ad76dc782bf8eed6e148bf47029dbdbeda00f9e01f535d8e14e267"
  name = "github.com/aws/aws-sdk-go"
  packages = [
    "aws",
    "aws/awserr",
    "aws/awsutil",
    "aws/client",
    "aws/client/metadata",
    "aws/corehandlers",
    "aws/credentials",
    "aws/credentials/ec2rolecreds",
    "aws/credentials/endpointcreds",
    "aws/credentials/stscreds",
    "aws/defaults",
    "aws/ec2metadata",
    "aws/endpoints",
    "aws/request",
    "aws/session",
    "aws/signer/v4",
    "internal/sdkio",
    "internal/sdkrand",
    "internal/shareddefaults",
    "private/protocol",
    "private/protocol/ec2query",
    "private/protocol/json/jsonutil",
    "private/protocol/jsonrpc",
    "private/protocol/query",
    "private/protocol/query/queryutil",
    "private/protocol/rest",
    "private/protocol/restxml",
    "private/protocol/xml/xmlutil",
    "service/ec2",
    "service/iam",
    "service/s3",
    "service/s3/s3iface",
    "service/s3/s3manager",
    "service/ssm",
    "service/sts",
  ]
  pruneopts = "NUT"
  revision = "4f5d298bd2dcb34b06d944594f458d1f77ac4d66"
  version = "v1.13.42"

[[projects]]
  digest = "1:b52fecf4a0cf37a3581425cdaa86a02a6dc5a685df0ad8df40a555c494b99784"
  name = "github.com/beevik/etree"
  packages = ["."]
  pruneopts = "NUT"
  revision = "15a30b44cfd6c5a16a7ddfe271bf146aaf2d3195"
  version = "v1.0.0"

[[projects]]
  branch = "master"
  digest = "1:cb0535f5823b47df7dcb9768ebb6c000b79ad115472910c70efe93c9ed9b2315"
  name = "github.com/beorn7/perks"
  packages = ["quantile"]
  pruneopts = "NUT"
  revision = "4c0e84591b9aa9e6dcfdf3e020114cd81f89d5f9"

[[projects]]
  digest = "1:aba270497eb2d49f5cba6f4162d524b9a1195a24cbce8be20bf56a0051f47deb"
  name = "github.com/blang/semver"
  packages = ["."]
  pruneopts = "NUT"
  revision = "2ee87856327ba09384cabd113bc6b5d174e9ec0f"
  version = "v3.5.1"

[[projects]]
  branch = "master"
  digest = "1:9ab64f24023bca2842929100cb53954a550c4e2072a012a00cf6bbfc969831f2"
  name = "github.com/boltdb/bolt"
  packages = ["."]
  pruneopts = "NUT"
  revision = "9da31745363232bc1e27dbab3569e77383a51585"

[[projects]]
  branch = "master"
  digest = "1:1c747865b8ae5813c4a59afa3f94ed68ea00b3df3f171da7149eaf62675e7b11"
  name = "github.com/briandowns/spinner"
  packages = ["."]
  pruneopts = "NUT"
  revision = "b3ed21e9d3b2af92b077f7d21edd80599b8fb97f"

[[projects]]
  branch = "master"
  digest = "1:fc8e5c215fdad7b769ed9681d893065fab7585d4e932ec42145df7c3138d4552"
  name = "github.com/buger/goterm"
  packages = ["."]
  pruneopts = "NUT"
  revision = "c9def0117b24a53e86f6c4c942e4042090a4fe8c"

[[projects]]
  branch = "master"
  digest = "1:b70cf9480aaf743922ad2be65235ff74bf2e3274bef642418f2a214c0ef696e9"
  name = "github.com/buger/jsonparser"
  packages = ["."]
  pruneopts = "NUT"
  revision = "f4dd9f5a6b441265aefc1d44872a6f8c10f42b37"

[[projects]]
  branch = "master"
  digest = "1:be3ccd9f881604e4dd6d15cccfa126aa309232f0ba075ae5f92d3ef729a62758"
  name = "github.com/burntsushi/toml"
  packages = ["."]
  pruneopts = "NUT"
  revision = "a368813c5e648fee92e5f6c30e3944ff9d5e8895"

[[projects]]
  branch = "master"
  digest = "1:79b26ff5a2c26f979b42b664f84cd663a9e7c99ce1e5b0e615b941416f86fc05"
  name = "github.com/chef/toml"
  packages = ["."]
  pruneopts = "NUT"
  revision = "e53972c438162c99f5abeefa15dcf4420bef685b"

[[projects]]
  branch = "master"
  digest = "1:8ecb89af7dfe3ac401bdb0c9390b134ef96a97e85f732d2b0604fb7b3977839f"
  name = "github.com/codahale/hdrhistogram"
  packages = ["."]
  pruneopts = "NUT"
  revision = "3a0bb77429bd3a61596f5e8a3172445844342120"

[[projects]]
  digest = "1:c91a5363a19174cb0181832821a7bb9da0aeefb5e2180724614b1005c2269712"
  name = "github.com/coreos/go-oidc"
  packages = ["."]
  pruneopts = "NUT"
  revision = "1180514eaf4d9f38d0d19eef639a1d695e066e72"
  version = "v2.0.0"

[[projects]]
  digest = "1:df69aec1aa0e6cfbd72112631ed768141661f3365810ce3335d56ae5eb8fe06c"
  name = "github.com/dave/jennifer"
  packages = ["jen"]
  pruneopts = "NUT"
  revision = "a148b4c5d12536d473460e22b414454522c741cd"
  version = "v0.17.0"

[[projects]]
  digest = "1:a2c1d0e43bd3baaa071d1b9ed72c27d78169b2b269f71c105ac4ba34b1be4a39"
  name = "github.com/davecgh/go-spew"
  packages = ["spew"]
  pruneopts = "NUT"
  revision = "346938d642f2ec3594ed81d874461961cd0faa76"
  version = "v1.1.0"

[[projects]]
  digest = "1:894f28af0aba942ac18880562ff31742d343cc8d04015d7bf96c1401546936e1"
  name = "github.com/dexidp/dex"
  packages = [
    "api",
    "connector",
    "connector/authproxy",
    "connector/bitbucketcloud",
    "connector/github",
    "connector/gitlab",
    "connector/keystone",
    "connector/ldap",
    "connector/linkedin",
    "connector/microsoft",
    "connector/mock",
    "connector/oidc",
    "connector/saml",
    "pkg/groups",
    "pkg/log",
    "server",
    "server/internal",
    "storage",
    "storage/memory",
    "version",
  ]
  pruneopts = "NUT"
  revision = "179cce36efda5343404194ebc292bfbc0dc183c3"
  version = "v2.19.0"

[[projects]]
  digest = "1:7a6852b35eb5bbc184561443762d225116ae630c26a7c4d90546619f1e7d2ad2"
  name = "github.com/dgrijalva/jwt-go"
  packages = ["."]
  pruneopts = "NUT"
  revision = "06ea1031745cb8b3dab3f6a236daf2b0aa468b7e"
  version = "v3.2.0"

[[projects]]
  branch = "master"
  digest = "1:ec6271918b59b872a2d25e374569a4f75f1839d91e4191470c297b7eaaaf7641"
  name = "github.com/dimchansky/utfbom"
  packages = ["."]
  pruneopts = "NUT"
  revision = "6c6132ff69f0f6c088739067407b5d32c52e1d0f"

[[projects]]
  digest = "1:bac13387c0d262a2307fb23819e2b2638cd7f54a4337f5d7007ab421613b6567"
  name = "github.com/envoyproxy/protoc-gen-validate"
  packages = [
    ".",
    "gogoproto",
    "module",
    "templates",
    "templates/cc",
    "templates/go",
    "templates/gogo",
    "templates/goshared",
    "templates/java",
    "templates/shared",
    "validate",
  ]
  pruneopts = "UT"
  revision = "9eff07ddfcb4001aa1aab280648153f46e1a8ddc"
  version = "v0.1.0"

[[projects]]
  branch = "master"
  digest = "1:7c4b5e23bb01e5945b0df8a5f181efa2d90abd19e368be7c7bd55a5737db0739"
  name = "github.com/fatih/color"
  packages = ["."]
  pruneopts = "NUT"
  revision = "5df930a27be2502f99b292b7cc09ebad4d0891f4"

[[projects]]
  digest = "1:9832452fb15d49dbf2060f3cdda7f109f0a552fdfc68a1d84b0ff8c9539f07aa"
  name = "github.com/felixge/httpsnoop"
  packages = ["."]
  pruneopts = "NUT"
  revision = "eadd4fad6aac69ae62379194fe0219f3dbc80fd3"
  version = "v1.0.0"

[[projects]]
  digest = "1:c970218a20933dd0a2eb2006de922217fa9276f57d25009b2a934eb1c50031cc"
  name = "github.com/fsnotify/fsnotify"
  packages = ["."]
  pruneopts = "NUT"
  revision = "629574ca2a5df945712d3079857300b5e4da0236"
  version = "v1.4.2"

[[projects]]
  branch = "master"
  digest = "1:255ee6401229925e5b801f1fbb87aa9b924c38bfcf2db3c98ed133c79a523c95"
  name = "github.com/ghodss/yaml"
  packages = ["."]
  pruneopts = "NUT"
  revision = "e9ed3c6dfb39bb1a32197cb10d527906fe4da4b6"

[[projects]]
  digest = "1:313419af641964ad2c6526de41c6878a43632ca56ef8ae4b317dd90e64fb0057"
  name = "github.com/go-gorp/gorp"
  packages = ["."]
  pruneopts = "NUT"
  revision = "6032c66e0f5f155fd56216ed14cbbdd991034605"
  version = "v2.1"

[[projects]]
  digest = "1:0c0eac431b07bd0da31ef684aa15b5b5eeeda8a820f666e6523d2bfb8ce868c4"
  name = "github.com/go-ini/ini"
  packages = ["."]
  pruneopts = "NUT"
  revision = "32e4c1e6bc4e7d0d8451aa6b75200d19e37a536a"
  version = "v1.32.0"

[[projects]]
  digest = "1:6a7159c5f8f8826207545407a458b43ab6599c1c8a2271465c2e979ecea1dcd4"
  name = "github.com/gobwas/glob"
  packages = [
    ".",
    "compiler",
    "match",
    "syntax",
    "syntax/ast",
    "syntax/lexer",
    "util/runes",
    "util/strings",
  ]
  pruneopts = "NUT"
  revision = "5ccd90ef52e1e632236f7326478d4faa74f99438"
  version = "v0.2.3"

[[projects]]
  branch = "master"
  digest = "1:8ae9ca08dfa5637f3e0218dcdc5cbbf8cc501cf75cdd944e3f20392803927200"
  name = "github.com/gocarina/gocsv"
  packages = ["."]
  pruneopts = "NUT"
  revision = "7099e67763c29f812fa2ed7083f32e38be60125a"

[[projects]]
  digest = "1:ed77cba8b07d0619ac3efc0b1b605c0b1876d1c9e818e444aca9cd9628c64c77"
  name = "github.com/gofrs/uuid"
  packages = ["."]
  pruneopts = "NUT"
  revision = "3a54a6416087bae7aa0ac32dd79fe1bf87bc99e4"
  version = "v2.1.0"

[[projects]]
  digest = "1:a3d6554400182effbda952d37d18a8212caccb51363612baee27d4f5a13139d6"
  name = "github.com/gogo/protobuf"
  packages = [
    "gogoproto",
    "proto",
    "protoc-gen-gogo/descriptor",
  ]
  pruneopts = "NUT"
  revision = "ba06b47c162d49f2af050fb4c75bcbc86a159d5c"
  version = "v1.2.1"

[[projects]]
  digest = "1:f0f71c590c424da41a7c02c75046711876714eba021427a18b86fffe890be472"
  name = "github.com/golang-migrate/migrate"
  packages = [
    ".",
    "database",
    "database/postgres",
    "source",
    "source/file",
  ]
  pruneopts = "NUT"
  revision = "93d53a5ae84d81945eedadfe8f6865530d61d51c"
  version = "v3.5.1"

[[projects]]
  digest = "1:e2b86e41f3d669fc36b50d31d32d22c8ac656c75aa5ea89717ce7177e134ff2a"
  name = "github.com/golang/glog"
  packages = ["."]
  pruneopts = "NUT"
  revision = "23def4e6c14b4da8ac2ed8007337bc5eb5007998"

[[projects]]
  branch = "master"
  digest = "1:67533fdcc6aa68607a27949c5113998441ee3f1c5d36be4da317d68130f6bec1"
  name = "github.com/golang/mock"
  packages = [
    "gomock",
    "mockgen",
    "mockgen/model",
  ]
  pruneopts = "NUT"
  revision = "837231f7bb377b365da147e5ff6c031b12f0dfaa"

[[projects]]
  digest = "1:6b3d0f402c88b60e78bca3ee8332a79f02e6964d2b4a44092620f1448e16cbb6"
  name = "github.com/golang/protobuf"
  packages = [
    "descriptor",
    "jsonpb",
    "proto",
    "protoc-gen-go",
    "protoc-gen-go/descriptor",
    "protoc-gen-go/generator",
    "protoc-gen-go/generator/internal/remap",
    "protoc-gen-go/grpc",
    "protoc-gen-go/plugin",
    "ptypes",
    "ptypes/any",
    "ptypes/duration",
    "ptypes/empty",
    "ptypes/struct",
    "ptypes/timestamp",
    "ptypes/wrappers",
  ]
  pruneopts = "NUT"
  revision = "6c65a5562fc06764971b7c5d05c76c75e84bdbf7"
  version = "v1.3.2"

[[projects]]
  digest = "1:39f0aa89737a0f37df361fba39858b685d00caff4bdcd4363f768075fbedbb15"
  name = "github.com/google/go-cloud"
  packages = [
    "blob",
    "blob/driver",
    "blob/s3blob",
  ]
  pruneopts = "NUT"
  revision = "5fb966ac9a602519675a9fb8dae2f421001e1094"
  version = "v0.1.1"

[[projects]]
  digest = "1:dbd86d229eacaa86a98b10f8fb3e3fc69a1913e0f4e010e7cc1f92bf12edca92"
  name = "github.com/gorilla/context"
  packages = ["."]
  pruneopts = "NUT"
  revision = "1ea25387ff6f684839d82767c1733ff4d4d15d0a"
  version = "v1.1"

[[projects]]
  digest = "1:fe47be2bd5d0196679d314fcc6e02f40a51e641c09e1541528a05cccefee9b0e"
  name = "github.com/gorilla/handlers"
  packages = ["."]
  pruneopts = "NUT"
  revision = "90663712d74cb411cbef281bc1e08c19d1a76145"
  version = "v1.3.0"

[[projects]]
  branch = "master"
  digest = "1:2cd44ab51fb1dbd1b6bd76d8cfa8c9e32e09c9021300c3c95dd16ba3371afaee"
  name = "github.com/gorilla/mux"
  packages = ["."]
  pruneopts = "NUT"
  revision = "5ab525f4fb1678e197ae59401e9050fa0b6cb5fd"

[[projects]]
  branch = "master"
  digest = "1:fdd5eb4503e8d129faf7413aaf6474c49b503e793adcee9be608afc695bf1b76"
  name = "github.com/grpc-ecosystem/go-grpc-middleware"
  packages = [
    ".",
    "logging",
    "logging/logrus",
    "logging/logrus/ctxlogrus",
    "tags",
    "tags/logrus",
  ]
  pruneopts = "NUT"
  revision = "c250d6563d4d4c20252cd865923440e829844f4e"

[[projects]]
  digest = "1:5872c7f130f62fc34bfda20babad36be6309c00b5c9207717f7cd2a51536fff4"
  name = "github.com/grpc-ecosystem/go-grpc-prometheus"
  packages = ["."]
  pruneopts = "NUT"
  revision = "c225b8c3b01faf2899099b768856a9e916e5087b"
  version = "v1.2.0"

[[projects]]
  digest = "1:f29b2462bb7e19eeb7ee762683b520c12cc164ed9ffe3e3c8f7efd183bffc209"
  name = "github.com/grpc-ecosystem/grpc-gateway"
  packages = [
    "codegenerator",
    "internal",
    "protoc-gen-grpc-gateway",
    "protoc-gen-grpc-gateway/descriptor",
    "protoc-gen-grpc-gateway/generator",
    "protoc-gen-grpc-gateway/gengateway",
    "protoc-gen-grpc-gateway/httprule",
    "protoc-gen-swagger",
    "protoc-gen-swagger/genswagger",
    "protoc-gen-swagger/options",
    "runtime",
    "utilities",
  ]
  pruneopts = "T"
  revision = "a9bbe40ed238db18f710b0e3d2970348c8fcec41"
  version = "v1.10.0"

[[projects]]
  branch = "master"
  digest = "1:5fe0eca2183ce87ed273e9e8e0ea415bc1164599bf938092bdd5c2e9be8a9ace"
  name = "github.com/grpc-ecosystem/grpc-opentracing"
  packages = ["go/otgrpc"]
  pruneopts = "NUT"
  revision = "0e7658f8ee99ee5aa683e2a032b8880091b7a055"

[[projects]]
  digest = "1:1cf16b098a70d6c02899608abbb567296d11c7b830635014dfe6124a02dc1369"
  name = "github.com/hashicorp/go-immutable-radix"
  packages = ["."]
  pruneopts = "NUT"
  revision = "27df80928bb34bb1b0d6d0e01b9e679902e7a6b5"
  version = "v1.0.0"

[[projects]]
  digest = "1:caf220d32af01b3899cfa5d37bdc9cf41c424519e74a6c74d9aec00c45f07adc"
  name = "github.com/hashicorp/go-msgpack"
  packages = ["codec"]
  pruneopts = "NUT"
  revision = "be3a5be7ee2202386d02936a19ae4fbde1c77800"
  version = "v0.5.3"

[[projects]]
  digest = "1:67474f760e9ac3799f740db2c489e6423a4cde45520673ec123ac831ad849cb8"
  name = "github.com/hashicorp/golang-lru"
  packages = ["simplelru"]
  pruneopts = "NUT"
  revision = "20f1fb78b0740ba8c3cb143a61e86ba5c8669768"
  version = "v0.5.0"

[[projects]]
  branch = "master"
  digest = "1:9d28dd6ad84cf6c3e47e36b50761fb5092922a3ff15e775094d1694cb0deb64e"
  name = "github.com/hashicorp/hcl"
  packages = [
    ".",
    "hcl/ast",
    "hcl/parser",
    "hcl/printer",
    "hcl/scanner",
    "hcl/strconv",
    "hcl/token",
    "json/parser",
    "json/scanner",
    "json/token",
  ]
  pruneopts = "NUT"
  revision = "23c074d0eceb2b8a5bfdbb271ab780cde70f05a8"

[[projects]]
  digest = "1:544ff85fc54fe5c7ed27b1d292ef82253d4ef7a4b854696774ee61049b0cbcdc"
  name = "github.com/hashicorp/raft"
  packages = ["."]
  pruneopts = "NUT"
  revision = "6d14f0c70869faabd9e60ba7ed88a6cbbd6a661f"
  version = "v1.0.0"

[[projects]]
  branch = "master"
  digest = "1:b0b1cae9ff30d8c219dc64e5f8dcfbb3f5f3f10f9e67dec737ce0bc04bf31a54"
  name = "github.com/iancoleman/strcase"
  packages = ["."]
  pruneopts = "NUT"
  revision = "e506e3ef73653e84c592ba44aab577a46678f68c"

[[projects]]
  digest = "1:406338ad39ab2e37b7f4452906442a3dbf0eb3379dd1f06aafb5c07e769a5fbb"
  name = "github.com/inconshreveable/mousetrap"
  packages = ["."]
  pruneopts = "NUT"
  revision = "76626ae9c91c4f2a10f34cad8ce83ea42c93bb75"
  version = "v1.0"

[[projects]]
  digest = "1:a7fbf57362fb27bda8ce92c70942627c61bb8a220f906d7c5c7d98ea50892486"
  name = "github.com/jaswdr/faker"
  packages = ["."]
  pruneopts = "NUT"
  revision = "1be9d1bb771060b9c0c2ee0b4b4d326f2c8fafe6"
  version = "v1.0.2"

[[projects]]
  digest = "1:874748844b8b79d8997b7aae57be558faf2fb1546279a795655980392a37a8cc"
  name = "github.com/jhump/protoreflect"
  packages = [
    "codec",
    "desc",
    "desc/internal",
    "desc/protoparse",
    "desc/protoprint",
    "dynamic",
    "grpcreflect",
    "internal",
  ]
  pruneopts = "NUT"
  revision = "c67d679c9f863957281faba646d790dbab6cf3b3"
  version = "v1.5.0"

[[projects]]
  digest = "1:ac6d01547ec4f7f673311b4663909269bfb8249952de3279799289467837c3cc"
  name = "github.com/jmespath/go-jmespath"
  packages = ["."]
  pruneopts = "NUT"
  revision = "0b12d6b5"

[[projects]]
  digest = "1:6b1eae4bb93e5ccd23cb09d1e005ecb391316d27701b7a5264f8555a6e2f3d87"
  name = "github.com/jonboulle/clockwork"
  packages = ["."]
  pruneopts = "NUT"
  revision = "2eee05ed794112d45db504eb05aa693efd2b8b09"
  version = "v0.1.0"

[[projects]]
  digest = "1:58999a98719fddbac6303cb17e8d85b945f60b72f48e3a2df6b950b97fa926f1"
  name = "github.com/konsorten/go-windows-terminal-sequences"
  packages = ["."]
  pruneopts = "NUT"
  revision = "f55edac94c9bbba5d6182a4be46d86a2c9b5b50e"
  version = "v1.0.2"

[[projects]]
  branch = "master"
  digest = "1:c5a4770f74cb34f5edc854c4b06a030d567a4e3d5bf502973852dbbbcb749eb8"
  name = "github.com/kylelemons/godebug"
  packages = [
    "diff",
    "pretty",
  ]
  pruneopts = "NUT"
  revision = "d65d576e9348f5982d7f6d83682b694e731a45c6"

[[projects]]
  digest = "1:b7af953efb0400c3116d3fc7b3229e38e6a7b3729763ed5b63c4ae0890dac51f"
  name = "github.com/leanovate/gopter"
  packages = [
    ".",
    "gen",
    "prop",
  ]
  pruneopts = "NUT"
  revision = "c8df375e1ea5a53748eb0dff007e9cc5e07b7cd3"
  version = "v0.2.4"

[[projects]]
  branch = "master"
  digest = "1:47315d803e900380830af8fb6c4122ad4c995045fd0b96a6218c804ed60ee65f"
  name = "github.com/lib/pq"
  packages = [
    ".",
    "oid",
  ]
  pruneopts = "NUT"
  revision = "83612a56d3dd153a94a629cd64925371c9adad78"

[[projects]]
  digest = "1:25137843ccba72b5fe72019b7beae542d100b4d96d9ffc03bede2fe36b749b5f"
  name = "github.com/lyft/protoc-gen-star"
  packages = [
    ".",
    "lang/go",
  ]
  pruneopts = "NUT"
  revision = "6c0470b785d07d39f59cd434f9c0ce0682b5c4aa"
  version = "v0.4.11"

[[projects]]
  digest = "1:6540c20407c0637773dc6ccfdb9a6790b59d629fb38fa81a0c363e41af4c4c03"
  name = "github.com/magiconair/properties"
  packages = ["."]
  pruneopts = "NUT"
  revision = "d419a98cdbed11a922bf76f257b7c4be79b50e73"
  version = "v1.7.4"

[[projects]]
  branch = "master"
  digest = "1:502f9bbd100fbf4c61982f86f89a5de9da1cad97f2701fdb7724b3ac69d216e6"
  name = "github.com/mailru/easyjson"
  packages = [
    ".",
    "buffer",
    "jlexer",
    "jwriter",
  ]
  pruneopts = "NUT"
  revision = "32fa128f234d041f196a9f3e0fea5ac9772c08e1"

[[projects]]
  digest = "1:08c231ec84231a7e23d67e4b58f975e1423695a32467a362ee55a803f9de8061"
  name = "github.com/mattn/go-colorable"
  packages = ["."]
  pruneopts = "NUT"
  revision = "167de6bfdfba052fa6b2d3664c8f5272e23c9072"
  version = "v0.0.9"

[[projects]]
  digest = "1:bc4f7eec3b7be8c6cb1f0af6c1e3333d5bb71072951aaaae2f05067b0803f287"
  name = "github.com/mattn/go-isatty"
  packages = ["."]
  pruneopts = "NUT"
  revision = "0360b2af4f38e8d38c7fce2a9f4e702702d73a39"
  version = "v0.0.3"

[[projects]]
  digest = "1:cb591533458f6eb6e2c1065ff3eac6b50263d7847deb23fc9f79b25bc608970e"
  name = "github.com/mattn/go-runewidth"
  packages = ["."]
  pruneopts = "NUT"
  revision = "9e777a8366cce605130a531d2cd6363d07ad7317"
  version = "v0.0.2"

[[projects]]
  digest = "1:5985ef4caf91ece5d54817c11ea25f182697534f8ae6521eadcd628c142ac4b6"
  name = "github.com/matttproud/golang_protobuf_extensions"
  packages = ["pbutil"]
  pruneopts = "NUT"
  revision = "3247c84500bff8d9fb6d579d800f20b3e091582c"
  version = "v1.0.0"

[[projects]]
  branch = "master"
  digest = "1:eeb1f466766c40a4656b090593e103d2ce327b914329232bc1d4632dae17fc4f"
  name = "github.com/mitchellh/mapstructure"
  packages = ["."]
  pruneopts = "NUT"
  revision = "00c29f56e2386353d58c599509e8dc3801b0d716"

[[projects]]
  branch = "master"
  digest = "1:1b8075495adf5b4d3e1928ea8b1bb98871147e5fa9018b91525e2ee061421325"
  name = "github.com/muesli/crunchy"
  packages = ["."]
  pruneopts = "NUT"
  revision = "4ec98f770e27a3667496bfcfc124257c7d9b9ecd"

[[projects]]
  branch = "dan/allow-explicit-server-name-in-gateway"
  digest = "1:4b110bc3d4a816a11b279daac83816263100b7ae955a11ec95b947a2e40922c5"
  name = "github.com/nats-io/gnatsd"
  packages = [
    "conf",
    "logger",
    "server",
    "server/pse",
  ]
  pruneopts = "NUT"
  revision = "8ba3abef6ac918a00e320af223a034d3b1235e61"
  source = "https://github.com/danielsdeleo/gnatsd.git"

[[projects]]
  digest = "1:c525e25319b805711985485b95285fcfda9a97563919c7b9f709f6ef1e553efe"
  name = "github.com/nats-io/go-nats"
  packages = [
    ".",
    "encoders/builtin",
    "util",
  ]
  pruneopts = "NUT"
  revision = "70fe06cee50d4b6f98248d9675fb55f2a3aa7228"
  version = "v1.7.2"

[[projects]]
  branch = "master"
  digest = "1:41592d432d0377a53e4e4c83516a78ea7a832653aa8514d19569d7f12f9ae963"
  name = "github.com/nats-io/go-nats-streaming"
  packages = [
    ".",
    "pb",
  ]
  pruneopts = "NUT"
  revision = "a0e3aee6fce1a77efe4024df3280416e9d99bb98"

[[projects]]
  digest = "1:d12027a568dac6ce3e842828d79136a6279487d2be8fe720606726005e8bcc41"
  name = "github.com/nats-io/jwt"
  packages = ["."]
  pruneopts = "NUT"
  revision = "a7fd8925349a3183ec07e1683d4e34eb5ad0e453"
  version = "v0.0.8"

[[projects]]
  branch = "master"
  digest = "1:90191ed9c332685a7863a5265abcad4159e58a7f022d49268b8079e7dd1b3367"
  name = "github.com/nats-io/nats-streaming-server"
  packages = [
    "logger",
    "server",
    "spb",
    "stores",
    "util",
  ]
  pruneopts = "NUT"
  revision = "766681da5d26f0d4f36d2a21bb7fbf4e768dacdb"

[[projects]]
  digest = "1:bf3b29bcf1276cfa19bc22910eac8d8582fe0d4d2a43e8f01f2242d8dfba7965"
  name = "github.com/nats-io/nkeys"
  packages = ["."]
  pruneopts = "NUT"
  revision = "1546a3320a8f195a5b5c84aef8309377c2e411d5"
  version = "v0.0.2"

[[projects]]
  digest = "1:552100985450eaa4a8fa8d18fe8b6b1a04997c4d2ac24f154cc9471430cc4e1c"
  name = "github.com/nats-io/nuid"
  packages = ["."]
  pruneopts = "NUT"
  revision = "289cccf02c178dc782430d534e3c1f5b72af807f"
  version = "v1.0.0"

[[projects]]
  digest = "1:dc5fef0930c0aa6cd47ba9fdf3a39537dc7da1c25e1f7826e88ef78bf9040245"
  name = "github.com/olivere/elastic"
  packages = [
    ".",
    "config",
    "uritemplates",
  ]
  pruneopts = "NUT"
  revision = "407a1d940dcc89e279c579eb393d0bdde8fd9ac4"
  version = "v6.2.16"

[[projects]]
  digest = "1:ecd404213cd31f524a20aaa689406e0c9fb00485ad9b9b60efd2f173feea9889"
  name = "github.com/open-policy-agent/opa"
  packages = [
    "ast",
    "bundle",
    "internal/compiler/wasm",
    "internal/compiler/wasm/opa",
    "internal/file",
    "internal/file/archive",
    "internal/file/url",
    "internal/ir",
    "internal/leb128",
    "internal/planner",
    "internal/version",
    "internal/wasm/constant",
    "internal/wasm/encoding",
    "internal/wasm/instruction",
    "internal/wasm/module",
    "internal/wasm/opcode",
    "internal/wasm/types",
    "loader",
    "metrics",
    "rego",
    "storage",
    "storage/inmem",
    "topdown",
    "topdown/builtins",
    "topdown/copypropagation",
    "topdown/internal/jwx/buffer",
    "topdown/internal/jwx/jwa",
    "topdown/internal/jwx/jwk",
    "topdown/internal/jwx/jws",
    "topdown/internal/jwx/jws/sign",
    "topdown/internal/jwx/jws/verify",
    "types",
    "util",
    "version",
  ]
  pruneopts = "NUT"
  revision = "db9855d16165cd3d93eef44a68e3609bd1bbd4fb"
  version = "v0.14.2"

[[projects]]
  digest = "1:7da29c22bcc5c2ffb308324377dc00b5084650348c2799e573ed226d8cc9faf0"
  name = "github.com/opentracing/opentracing-go"
  packages = [
    ".",
    "ext",
    "log",
  ]
  pruneopts = "NUT"
  revision = "1949ddbfd147afd4d964a9f00b24eb291e0e7c38"
  version = "v1.0.2"

[[projects]]
  digest = "1:748946761cf99c8b73cef5a3c0ee3e040859dd713a20cece0d0e0dc04e6ceca7"
  name = "github.com/patrickmn/go-cache"
  packages = ["."]
  pruneopts = "NUT"
  revision = "a3647f8e31d79543b2d0f0ae2fe5c379d72cedc0"
  version = "v2.1.0"

[[projects]]
  digest = "1:84b6c3d03118e04267f3c57d34f0ae8a885e5486b127935b87e3499cea3f180a"
  name = "github.com/pelletier/go-toml"
  packages = ["."]
  pruneopts = "NUT"
  revision = "16398bac157da96aa88f98a2df640c7f32af1da2"
  version = "v1.0.1"

[[projects]]
  branch = "master"
  digest = "1:394c5f09077dd1b8c7c4379b2a83a997869e6f293f24581491c73ca7dfc70a4e"
  name = "github.com/peterbourgon/mergemap"
  packages = ["."]
  pruneopts = "NUT"
  revision = "e21c03b7a721e413718d2703181ead350d3c9d6f"

[[projects]]
  branch = "master"
  digest = "1:728ee2f314295e038e0f04cd25cf91b0b5b8eedef9ff534dee6a04ae207e0c59"
  name = "github.com/pkg/errors"
  packages = ["."]
  pruneopts = "NUT"
  revision = "e881fd58d78e04cf6d0de1217f8707c8cc2249bc"

[[projects]]
  digest = "1:0028cb19b2e4c3112225cd871870f2d9cf49b9b4276531f03438a88e94be86fe"
  name = "github.com/pmezard/go-difflib"
  packages = ["difflib"]
  pruneopts = "NUT"
  revision = "792786c7400a136282c1664665ae0a8db921c6c2"
  version = "v1.0.0"

[[projects]]
  branch = "master"
  digest = "1:0390d3bc2c954487663318db748434d5e8bbfde8ac890070c15f3eab619f2ea8"
  name = "github.com/pquerna/cachecontrol"
  packages = [
    ".",
    "cacheobject",
  ]
  pruneopts = "NUT"
  revision = "0dec1b30a0215bb68605dfc568e8855066c9202d"

[[projects]]
  digest = "1:199e20b01944e69cf3b28b0cd6eefdd655ad511a882c26c5daacc342854b2bf4"
  name = "github.com/prometheus/client_golang"
  packages = [
    "prometheus",
    "prometheus/internal",
    "prometheus/promauto",
    "prometheus/promhttp",
  ]
  pruneopts = "NUT"
  revision = "505eaef017263e299324067d40ca2c48f6a2cf50"
  version = "v0.9.2"

[[projects]]
  branch = "master"
  digest = "1:32d10bdfa8f09ecf13598324dba86ab891f11db3c538b6a34d1c3b5b99d7c36b"
  name = "github.com/prometheus/client_model"
  packages = ["go"]
  pruneopts = "NUT"
  revision = "99fa1f4be8e564e8a6b613da7fa6f46c9edafc6c"

[[projects]]
  branch = "master"
  digest = "1:4a6bb73eb5d7b8e67f25d22d87c84116cc69dfa80299dfd06622b8eee47917a8"
  name = "github.com/prometheus/common"
  packages = [
    "expfmt",
    "internal/bitbucket.org/ww/goautoneg",
    "model",
  ]
  pruneopts = "NUT"
  revision = "2e54d0b93cba2fd133edc32211dcc32c06ef72ca"

[[projects]]
  branch = "master"
  digest = "1:55666a086c2b0665d30ecd6fe84f2ee7a277eaa3eefd3f361eebcf9e80eced18"
  name = "github.com/prometheus/procfs"
  packages = [
    ".",
    "xfs",
  ]
  pruneopts = "NUT"
  revision = "f98634e408857669d61064b283c4cde240622865"

[[projects]]
  branch = "master"
  digest = "1:89948a031cefb021d77be478c260502337228ad35eb5e8c811eb16f0a759b9ae"
  name = "github.com/rcrowley/go-metrics"
  packages = ["."]
  pruneopts = "NUT"
  revision = "8732c616f52954686704c8645fe1a9d59e9df7c1"

[[projects]]
  branch = "master"
  digest = "1:56e4d5896fd7fb1f7c3776235726a5d884c45512fb98a6400811d8d76ff59e88"
  name = "github.com/russellhaering/goxmldsig"
  packages = [
    ".",
    "etreeutils",
    "types",
  ]
  pruneopts = "NUT"
  revision = "b7efc6231e45b10bfd779852831c8bb59b350ec5"

[[projects]]
  digest = "1:709df79c0c14e9c3674ed1e347bccd79096342071d983322ec992fcd12ce4042"
  name = "github.com/schollz/closestmatch"
  packages = ["."]
  pruneopts = "NUT"
  revision = "19d3b334fdfcb0151de79319f1fe1dfc41de758c"

[[projects]]
  branch = "master"
  digest = "1:4c39453563e71f7cb6c62c69a94b99910861abfb9f3b904516a171eb558f1c60"
  name = "github.com/segmentio/backo-go"
  packages = ["."]
  pruneopts = "NUT"
  revision = "204274ad699c0983a70203a566887f17a717fef4"

[[projects]]
  branch = "master"
  digest = "1:6ca9d741b9af47955571e3213c24c1f63a96c35e24b668ecbcf27986780f81dd"
  name = "github.com/sirupsen/logrus"
  packages = ["."]
  pruneopts = "NUT"
  revision = "07a84ee7412e7a28663d92930a1d46f81b124ee1"

[[projects]]
  digest = "1:0d70838fa3fb6e71d0988e53570766e87b60eba598be3098f024692813d898ef"
  name = "github.com/spf13/afero"
  packages = [
    ".",
    "mem",
  ]
  pruneopts = "NUT"
  revision = "8d919cbe7e2627e417f3e45c3c0e489a5b7e2536"
  version = "v1.0.0"

[[projects]]
  digest = "1:2139901f05c6c9b5d9e5a61d473b9253fff1820562136b0adb802bfee2e0a462"
  name = "github.com/spf13/cast"
  packages = ["."]
  pruneopts = "NUT"
  revision = "acbeb36b902d72a7a4c18e8f3241075e7ab763e4"
  version = "v1.1.0"

[[projects]]
  branch = "master"
  digest = "1:343d44e06621142ab09ae0c76c1799104cdfddd3ffb445d78b1adf8dc3ffaf3d"
  name = "github.com/spf13/cobra"
  packages = ["."]
  pruneopts = "NUT"
  revision = "1e58aa3361fd650121dceeedc399e7189c05674a"

[[projects]]
  branch = "master"
  digest = "1:f29f83301ed096daed24a90f4af591b7560cb14b9cc3e1827abbf04db7269ab5"
  name = "github.com/spf13/jwalterweatherman"
  packages = ["."]
  pruneopts = "NUT"
  revision = "12bd96e66386c1960ab0f74ced1362f66f552f7b"

[[projects]]
  digest = "1:15e5c398fbd9d2c439b635a08ac161b13d04f0c2aa587fe256b65dc0c3efe8b7"
  name = "github.com/spf13/pflag"
  packages = ["."]
  pruneopts = "NUT"
  revision = "583c0c0531f06d5278b7d917446061adc344b5cd"
  version = "v1.0.1"

[[projects]]
  branch = "master"
  digest = "1:3327c8113e7c4c420ea01123c73a5bf9fe79cf9de201d4bf4761a8b0fc5b31a4"
  name = "github.com/spf13/viper"
  packages = ["."]
  pruneopts = "NUT"
  revision = "1a0c4a370c3e8286b835467d2dfcdaf636c3538b"

[[projects]]
  digest = "1:60a46e2410edbf02b419f833372dd1d24d7aa1b916a990a7370e792fada1eadd"
  name = "github.com/stretchr/objx"
  packages = ["."]
  pruneopts = "NUT"
  revision = "477a77ecc69700c7cdeb1fa9e129548e1c1c393c"
  version = "v0.1.1"

[[projects]]
  digest = "1:e753e81f12213af0b7a07b159415b536ffe518d849f71c0de7f081ca23a3bb98"
  name = "github.com/stretchr/testify"
  packages = [
    "assert",
    "mock",
    "require",
    "suite",
  ]
  pruneopts = "NUT"
  revision = "ffdc059bfe9ce6a4e144ba849dbedead332c6053"
  version = "v1.3.0"

[[projects]]
  branch = "master"
  digest = "1:5f2149ab28057a1379dcea7ec052a95fbb616dd55eacedc9fe2c1a0d1a8bcda0"
  name = "github.com/teambition/rrule-go"
  packages = ["."]
  pruneopts = "NUT"
  revision = "9d6a7aa3e9f996234935e614cddd94e723815e7b"

[[projects]]
  digest = "1:2daa7d4a0624b0b9fc8388550e308a57709c300b27f62d233f8d142f944ad97c"
  name = "github.com/uber/jaeger-client-go"
  packages = [
    ".",
    "config",
    "internal/baggage",
    "internal/baggage/remote",
    "internal/spanlog",
    "log",
    "rpcmetrics",
    "thrift-gen/agent",
    "thrift-gen/baggage",
    "thrift-gen/jaeger",
    "thrift-gen/sampling",
    "thrift-gen/zipkincore",
    "utils",
  ]
  pruneopts = "NUT"
  revision = "3ac96c6e679cb60a74589b0d0aa7c70a906183f7"
  version = "v2.11.2"

[[projects]]
  digest = "1:0da2810678a062e0567c3215911869b0423da0e497c56683ff8e87e7a6952597"
  name = "github.com/uber/jaeger-lib"
  packages = ["metrics"]
  pruneopts = "NUT"
  revision = "7f95f4f7e80028096410abddaae2556e4c61b59f"
  version = "v1.3.1"

[[projects]]
  branch = "master"
  digest = "1:c205236572ddcd0988a24c06be96a179982e870d2b7d746c95e06d9803cd9462"
  name = "github.com/xrash/smetrics"
  packages = ["."]
  pruneopts = "NUT"
  revision = "a3153f7040e90324c58c6287535e26a0ac5c1cc1"

[[projects]]
  branch = "master"
  digest = "1:2f9538da7381bb981fb8451b2b0fb304c2bc7f1724228dc336a8f002e6fec704"
  name = "github.com/xtgo/uuid"
  packages = ["."]
  pruneopts = "NUT"
  revision = "a0b114877d4caeffbd7f87e3757c17fce570fea7"

[[projects]]
  branch = "master"
  digest = "1:c6ef772d4fbc609fa153c0bb3dbe633b221130dae7cf9a61ccce8ac112f57170"
  name = "github.com/yashtewari/glob-intersection"
  packages = ["."]
  pruneopts = "NUT"
  revision = "7af743e8ec8480fee1932a737a406f7ec817f910"

[[projects]]
  digest = "1:ae8eea1a24ae43a46c2e96631b6303fcc4210ca0ac9d643e4da965029d1b511d"
  name = "go.etcd.io/bbolt"
  packages = ["."]
  pruneopts = "NUT"
  revision = "63597a96ec0ad9e6d43c3fc81e809909e0237461"
  version = "v1.3.2"

[[projects]]
  digest = "1:8eff4c694254322268936dc162805ff95ac846435e909f011ba43805bb9b4e0f"
  name = "go.uber.org/atomic"
  packages = ["."]
  pruneopts = "NUT"
  revision = "8474b86a5a6f79c443ce4b2992817ff32cf208b8"
  version = "v1.3.1"

[[projects]]
  branch = "master"
  digest = "1:64e40bae99ad9825b13ed5f294ee921669bb5353e0a429dd5b24cd28af1ae5f2"
  name = "go.uber.org/multierr"
  packages = ["."]
  pruneopts = "NUT"
  revision = "ddea229ff1dff9e6fe8a6c0344ac73b09e81fce5"

[[projects]]
  branch = "master"
  digest = "1:26dbfb90580c7b5b1f602b76124337b72f89ade91eec6c2b13d9dd1cda2f4516"
  name = "go.uber.org/zap"
  packages = [
    ".",
    "buffer",
    "internal/bufferpool",
    "internal/color",
    "internal/exit",
    "zapcore",
  ]
  pruneopts = "NUT"
  revision = "f85c78b1dd998214c5f2138155b320a4a43fbe36"

[[projects]]
  branch = "master"
  digest = "1:b3880723fa23b61388cb34ebf380a64c6cc9a56491bc08e2ac59585f4a767d3e"
  name = "golang.org/x/crypto"
  packages = [
    "bcrypt",
    "blake2b",
    "blowfish",
    "cast5",
    "chacha20poly1305",
    "ed25519",
    "ed25519/internal/edwards25519",
    "internal/chacha20",
    "internal/subtle",
    "nacl/secretbox",
    "openpgp",
    "openpgp/armor",
    "openpgp/elgamal",
    "openpgp/errors",
    "openpgp/packet",
    "openpgp/s2k",
    "pkcs12",
    "pkcs12/internal/rc2",
    "poly1305",
    "salsa20/salsa",
    "ssh/terminal",
  ]
  pruneopts = "NUT"
  revision = "b01c7a72566457eb1420261cdafef86638fc3861"

[[projects]]
  branch = "master"
  digest = "1:514d2147b3fd915870b534e3578feed1c40a82aa751a015b160785616bfa2130"
  name = "golang.org/x/net"
  packages = [
    "context",
    "context/ctxhttp",
    "http2",
    "http2/hpack",
    "idna",
    "internal/timeseries",
    "lex/httplex",
    "trace",
  ]
  pruneopts = "NUT"
  revision = "d866cfc389cec985d6fda2859936a575a55a3ab6"

[[projects]]
  branch = "master"
  digest = "1:83092771985abc190982ca3d7fc61e9a015e6560b6c400cdadfe4a97875f8a86"
  name = "golang.org/x/oauth2"
  packages = [
    ".",
    "bitbucket",
    "github",
    "google",
    "internal",
    "jws",
    "jwt",
  ]
  pruneopts = "NUT"
  revision = "0f29369cfe4552d0e4bcddc57cc75f4d7e672a33"

[[projects]]
  branch = "master"
  digest = "1:3b1f76d0cfcc493a3444649e071557e42d21a2847f88f82c79aad3120fd57d36"
  name = "golang.org/x/sys"
  packages = [
    "cpu",
    "unix",
    "windows",
    "windows/registry",
    "windows/svc",
    "windows/svc/debug",
    "windows/svc/eventlog",
    "windows/svc/mgr",
  ]
  pruneopts = "NUT"
  revision = "aca44879d5644da7c5b8ec6a1115e9b6ea6c40d9"

[[projects]]
  branch = "master"
  digest = "1:e7071ed636b5422cc51c0e3a6cebc229d6c9fffc528814b519a980641422d619"
  name = "golang.org/x/text"
  packages = [
    "collate",
    "collate/build",
    "internal/colltab",
    "internal/gen",
    "internal/tag",
    "internal/triegen",
    "internal/ucd",
    "language",
    "secure/bidirule",
    "transform",
    "unicode/bidi",
    "unicode/cldr",
    "unicode/norm",
    "unicode/rangetable",
  ]
  pruneopts = "NUT"
  revision = "eb22672bea55af56d225d4e35405f4d2e9f062a0"

[[projects]]
  branch = "master"
  digest = "1:63ce453d0ac634f6f1a69a35fc3692ec221607b4270f6d0c04c73ad33285d854"
  name = "golang.org/x/tools"
  packages = [
    "go/ast/astutil",
    "go/gcexportdata",
    "go/internal/cgo",
    "go/internal/gcimporter",
    "go/internal/packagesdriver",
    "go/packages",
    "go/types/typeutil",
    "internal/fastwalk",
    "internal/gopathwalk",
    "internal/semver",
  ]
  pruneopts = "NUT"
  revision = "8b67d361bba210f5fbb3c1a0fc121e0847b10b57"

[[projects]]
  branch = "master"
  digest = "1:d93b4ee0c5a6bdf6d8da9a06bccc28d95009c9bf3c644901511990509cd73ec6"
  name = "google.golang.org/api"
  packages = [
    "compute/v1",
    "gensupport",
    "googleapi",
    "googleapi/internal/uritemplates",
  ]
  pruneopts = "NUT"
  revision = "087779f1d2c96357d4c45bd04c4d10d7b5f22736"

[[projects]]
  digest = "1:7206d98ec77c90c72ec2c405181a1dcf86965803b6dbc4f98ceab7a5047c37a9"
  name = "google.golang.org/appengine"
  packages = [
    ".",
    "internal",
    "internal/app_identity",
    "internal/base",
    "internal/datastore",
    "internal/log",
    "internal/modules",
    "internal/remote_api",
    "internal/urlfetch",
    "urlfetch",
  ]
  pruneopts = "NUT"
  revision = "150dc57a1b433e64154302bdc40b6bb8aefa313a"
  version = "v1.0.0"

[[projects]]
  branch = "master"
  digest = "1:39828f9e9f6ff7861f26f3f9875da702a6484874e270574497d14b8af0521a7f"
  name = "google.golang.org/genproto"
  packages = [
    "googleapis/api/annotations",
    "googleapis/api/httpbody",
    "googleapis/rpc/status",
    "protobuf/api",
    "protobuf/field_mask",
    "protobuf/ptype",
    "protobuf/source_context",
  ]
  pruneopts = "NUT"
  revision = "67d6565462c5a0d99b88193d59fefa10ca7e3010"

[[projects]]
  digest = "1:b8b7850e9d6fa0452a845f89c8742f33c3e6bf02407dc792d31b529d1d65d5f9"
  name = "google.golang.org/grpc"
  packages = [
    ".",
    "balancer",
    "balancer/base",
    "balancer/roundrobin",
    "binarylog/grpc_binarylog_v1",
    "codes",
    "connectivity",
    "credentials",
    "credentials/internal",
    "encoding",
    "encoding/proto",
    "examples/helloworld/helloworld",
    "grpclog",
    "health",
    "health/grpc_health_v1",
    "internal",
    "internal/backoff",
    "internal/balancerload",
    "internal/binarylog",
    "internal/channelz",
    "internal/envconfig",
    "internal/grpcrand",
    "internal/grpcsync",
    "internal/syscall",
    "internal/transport",
    "keepalive",
    "metadata",
    "naming",
    "peer",
    "reflection",
    "reflection/grpc_reflection_v1alpha",
    "resolver",
    "resolver/dns",
    "resolver/passthrough",
    "serviceconfig",
    "stats",
    "status",
    "tap",
    "test/bufconn",
  ]
  pruneopts = "NUT"
  revision = "f6d0f9ee430895e87ef1ceb5ac8f39725bafceef"
  version = "v1.24.0"

[[projects]]
  digest = "1:aea6e9483c167cc6fdf1274c442558c5dda8fd3373372be04d98c79100868da1"
  name = "gopkg.in/asn1-ber.v1"
  packages = ["."]
  pruneopts = "NUT"
  revision = "379148ca0225df7a432012b8df0355c2a2063ac0"
  version = "v1.2"

[[projects]]
  digest = "1:08ee1832cd9370598210579ee6251a7db3ee95a744091782961685c2fedc1ebf"
  name = "gopkg.in/cheggaaa/pb.v1"
  packages = ["."]
  pruneopts = "NUT"
  revision = "43d64de27312b32812ca7e994fa0bb03ccf08fdf"
  version = "v1.0.20"

[[projects]]
  digest = "1:7e1c00b9959544fa1ccca7cf0407a5b29ac6d5201059c4fac6f599cb99bfd24d"
  name = "gopkg.in/ldap.v2"
  packages = ["."]
  pruneopts = "NUT"
  revision = "bb7a9ca6e4fbc2129e3db588a34bc970ffe811a9"
  version = "v2.5.1"

[[projects]]
  digest = "1:cb363cb91901bb784bd225b25c6510be722f25be01e1f0e1ca189e6b9c80e477"
  name = "gopkg.in/segmentio/analytics-go.v3"
  packages = ["."]
  pruneopts = "NUT"
  revision = "1178b964a36694a8f9c161b19e6fe28cb37e8482"
  version = "3.0.0"

[[projects]]
  digest = "1:9bee84d2a4f335dfab19b511f62ba917652b38c040878eb480354e5b8cca547c"
  name = "gopkg.in/square/go-jose.v2"
  packages = [
    ".",
    "cipher",
    "json",
    "jwt",
  ]
  pruneopts = "NUT"
  revision = "f8f38de21b4dcd69d0413faf231983f5fd6634b1"
  version = "v2.1.3"

[[projects]]
  branch = "v2"
  digest = "1:8c53ce78f10de538c37a5fb33148f81ce068a0b25bec08d8521212e0c0b5f7bd"
  name = "gopkg.in/yaml.v2"
  packages = ["."]
  pruneopts = "NUT"
  revision = "287cf08546ab5e7e37d55a84f7ed3fd1db036de5"

[solve-meta]
  analyzer-name = "dep"
  analyzer-version = 1
  input-imports = [
    "github.com/Azure/azure-sdk-for-go/services/compute/mgmt/2017-12-01/compute",
    "github.com/Azure/azure-sdk-for-go/services/network/mgmt/2017-11-01/network",
    "github.com/Azure/azure-sdk-for-go/services/resources/mgmt/2016-06-01/subscriptions",
    "github.com/Azure/azure-sdk-for-go/services/resources/mgmt/2017-05-10/resources",
    "github.com/Azure/go-autorest/autorest",
    "github.com/Azure/go-autorest/autorest/adal",
    "github.com/Azure/go-autorest/autorest/azure",
    "github.com/Azure/go-autorest/autorest/azure/auth",
    "github.com/alexedwards/scs",
    "github.com/alexedwards/scs/stores/memstore",
    "github.com/alexedwards/scs/stores/pgstore",
    "github.com/aws/aws-sdk-go/aws",
    "github.com/aws/aws-sdk-go/aws/awserr",
    "github.com/aws/aws-sdk-go/aws/credentials",
    "github.com/aws/aws-sdk-go/aws/credentials/stscreds",
    "github.com/aws/aws-sdk-go/aws/endpoints",
    "github.com/aws/aws-sdk-go/aws/session",
    "github.com/aws/aws-sdk-go/service/ec2",
    "github.com/aws/aws-sdk-go/service/iam",
    "github.com/aws/aws-sdk-go/service/s3",
    "github.com/aws/aws-sdk-go/service/s3/s3manager",
    "github.com/aws/aws-sdk-go/service/ssm",
    "github.com/aws/aws-sdk-go/service/sts",
    "github.com/blang/semver",
    "github.com/boltdb/bolt",
    "github.com/briandowns/spinner",
    "github.com/buger/goterm",
    "github.com/buger/jsonparser",
    "github.com/burntsushi/toml",
    "github.com/chef/toml",
    "github.com/coreos/go-oidc",
    "github.com/dave/jennifer/jen",
    "github.com/davecgh/go-spew/spew",
    "github.com/dexidp/dex/api",
    "github.com/dexidp/dex/server",
    "github.com/dexidp/dex/storage",
    "github.com/dexidp/dex/storage/memory",
    "github.com/dgrijalva/jwt-go",
    "github.com/envoyproxy/protoc-gen-validate",
    "github.com/envoyproxy/protoc-gen-validate/validate",
    "github.com/fatih/color",
    "github.com/ghodss/yaml",
    "github.com/go-gorp/gorp",
    "github.com/gocarina/gocsv",
    "github.com/gofrs/uuid",
    "github.com/golang-migrate/migrate",
    "github.com/golang-migrate/migrate/database/postgres",
    "github.com/golang-migrate/migrate/source",
    "github.com/golang-migrate/migrate/source/file",
    "github.com/golang/mock/gomock",
    "github.com/golang/mock/mockgen",
    "github.com/golang/protobuf/jsonpb",
    "github.com/golang/protobuf/proto",
    "github.com/golang/protobuf/protoc-gen-go",
    "github.com/golang/protobuf/protoc-gen-go/descriptor",
    "github.com/golang/protobuf/protoc-gen-go/generator",
    "github.com/golang/protobuf/protoc-gen-go/plugin",
    "github.com/golang/protobuf/ptypes",
    "github.com/golang/protobuf/ptypes/duration",
    "github.com/golang/protobuf/ptypes/empty",
    "github.com/golang/protobuf/ptypes/struct",
    "github.com/golang/protobuf/ptypes/timestamp",
    "github.com/golang/protobuf/ptypes/wrappers",
    "github.com/google/go-cloud/blob",
    "github.com/google/go-cloud/blob/s3blob",
    "github.com/gorilla/mux",
    "github.com/grpc-ecosystem/go-grpc-middleware",
    "github.com/grpc-ecosystem/go-grpc-middleware/logging/logrus",
    "github.com/grpc-ecosystem/go-grpc-middleware/logging/logrus/ctxlogrus",
    "github.com/grpc-ecosystem/go-grpc-middleware/tags",
    "github.com/grpc-ecosystem/go-grpc-prometheus",
    "github.com/grpc-ecosystem/grpc-gateway/protoc-gen-grpc-gateway",
    "github.com/grpc-ecosystem/grpc-gateway/protoc-gen-swagger",
    "github.com/grpc-ecosystem/grpc-gateway/protoc-gen-swagger/options",
    "github.com/grpc-ecosystem/grpc-gateway/runtime",
    "github.com/grpc-ecosystem/grpc-gateway/utilities",
    "github.com/grpc-ecosystem/grpc-opentracing/go/otgrpc",
    "github.com/jaswdr/faker",
    "github.com/jhump/protoreflect/desc",
    "github.com/jhump/protoreflect/desc/protoparse",
    "github.com/jhump/protoreflect/desc/protoprint",
    "github.com/jhump/protoreflect/grpcreflect",
    "github.com/kylelemons/godebug/pretty",
    "github.com/leanovate/gopter",
    "github.com/leanovate/gopter/gen",
    "github.com/leanovate/gopter/prop",
    "github.com/lib/pq",
    "github.com/lyft/protoc-gen-star",
    "github.com/lyft/protoc-gen-star/lang/go",
    "github.com/mitchellh/mapstructure",
    "github.com/muesli/crunchy",
    "github.com/nats-io/gnatsd/server",
    "github.com/nats-io/go-nats",
    "github.com/nats-io/go-nats-streaming",
    "github.com/nats-io/nats-streaming-server/server",
    "github.com/nats-io/nats-streaming-server/stores",
    "github.com/olivere/elastic",
    "github.com/open-policy-agent/opa/ast",
    "github.com/open-policy-agent/opa/rego",
    "github.com/open-policy-agent/opa/storage",
    "github.com/open-policy-agent/opa/storage/inmem",
    "github.com/open-policy-agent/opa/topdown",
    "github.com/opentracing/opentracing-go",
    "github.com/opentracing/opentracing-go/log",
    "github.com/patrickmn/go-cache",
    "github.com/pelletier/go-toml",
    "github.com/peterbourgon/mergemap",
    "github.com/pkg/errors",
    "github.com/pmezard/go-difflib/difflib",
    "github.com/prometheus/client_golang/prometheus",
    "github.com/prometheus/client_golang/prometheus/promauto",
    "github.com/prometheus/client_golang/prometheus/promhttp",
    "github.com/schollz/closestmatch",
    "github.com/sirupsen/logrus",
    "github.com/spf13/cobra",
    "github.com/spf13/pflag",
    "github.com/spf13/viper",
    "github.com/stretchr/testify/assert",
    "github.com/stretchr/testify/mock",
    "github.com/stretchr/testify/require",
    "github.com/stretchr/testify/suite",
    "github.com/teambition/rrule-go",
    "github.com/uber/jaeger-client-go/config",
    "go.uber.org/atomic",
    "go.uber.org/multierr",
    "go.uber.org/zap",
    "go.uber.org/zap/zapcore",
    "golang.org/x/crypto/bcrypt",
    "golang.org/x/crypto/blake2b",
    "golang.org/x/crypto/openpgp",
    "golang.org/x/crypto/ssh/terminal",
    "golang.org/x/oauth2",
    "golang.org/x/oauth2/google",
    "golang.org/x/text/unicode/rangetable",
    "google.golang.org/api/compute/v1",
    "google.golang.org/genproto/googleapis/api/annotations",
    "google.golang.org/grpc",
    "google.golang.org/grpc/balancer",
    "google.golang.org/grpc/codes",
    "google.golang.org/grpc/credentials",
    "google.golang.org/grpc/examples/helloworld/helloworld",
    "google.golang.org/grpc/grpclog",
    "google.golang.org/grpc/health",
    "google.golang.org/grpc/health/grpc_health_v1",
    "google.golang.org/grpc/metadata",
    "google.golang.org/grpc/peer",
    "google.golang.org/grpc/reflection",
    "google.golang.org/grpc/status",
    "google.golang.org/grpc/test/bufconn",
    "gopkg.in/cheggaaa/pb.v1",
    "gopkg.in/segmentio/analytics-go.v3",
    "gopkg.in/square/go-jose.v2",
    "gopkg.in/square/go-jose.v2/jwt",
    "gopkg.in/yaml.v2",
  ]
  solver-name = "gps-cdcl"
  solver-version = 1
